// !$*UTF8*$!
{
	archiveVersion = 1;
	classes = {
	};
	objectVersion = 55;
	objects = {

/* Begin PBXBuildFile section */
		DF1CACCB27E105380097212B /* CalendarApp.swift in Sources */ = {isa = PBXBuildFile; fileRef = DF1CACCA27E105380097212B /* CalendarApp.swift */; };
		DF1CACCD27E105380097212B /* ContentView.swift in Sources */ = {isa = PBXBuildFile; fileRef = DF1CACCC27E105380097212B /* ContentView.swift */; };
		DF1CACCF27E1053A0097212B /* Assets.xcassets in Resources */ = {isa = PBXBuildFile; fileRef = DF1CACCE27E1053A0097212B /* Assets.xcassets */; };
		DF1CACD227E1053A0097212B /* Preview Assets.xcassets in Resources */ = {isa = PBXBuildFile; fileRef = DF1CACD127E1053A0097212B /* Preview Assets.xcassets */; };
		DF1CACDC27E1053A0097212B /* CalendarTests.swift in Sources */ = {isa = PBXBuildFile; fileRef = DF1CACDB27E1053A0097212B /* CalendarTests.swift */; };
		DF1CACE627E1053A0097212B /* CalendarUITests.swift in Sources */ = {isa = PBXBuildFile; fileRef = DF1CACE527E1053A0097212B /* CalendarUITests.swift */; };
		DF1CACE827E1053A0097212B /* CalendarUITestsLaunchTests.swift in Sources */ = {isa = PBXBuildFile; fileRef = DF1CACE727E1053A0097212B /* CalendarUITestsLaunchTests.swift */; };
		DF1CACF627E10DA80097212B /* Home.swift in Sources */ = {isa = PBXBuildFile; fileRef = DF1CACF527E10DA80097212B /* Home.swift */; };
		DF1CACF827E10E880097212B /* CustomDatePicker.swift in Sources */ = {isa = PBXBuildFile; fileRef = DF1CACF727E10E880097212B /* CustomDatePicker.swift */; };
		DF1CACFB27E114880097212B /* DateValue.swift in Sources */ = {isa = PBXBuildFile; fileRef = DF1CACFA27E114880097212B /* DateValue.swift */; };
		DF2D3A7F27E1DDDC00F8A0DD /* MakeTask.swift in Sources */ = {isa = PBXBuildFile; fileRef = DF2D3A7E27E1DDDC00F8A0DD /* MakeTask.swift */; };
		DF2D3A8227E219E500F8A0DD /* AddButton.swift in Sources */ = {isa = PBXBuildFile; fileRef = DF2D3A8127E219E500F8A0DD /* AddButton.swift */; };
		DF45579827E19DD90098478C /* Task.swift in Sources */ = {isa = PBXBuildFile; fileRef = DF45579727E19DD90098478C /* Task.swift */; };
/* End PBXBuildFile section */

/* Begin PBXContainerItemProxy section */
		DF1CACD827E1053A0097212B /* PBXContainerItemProxy */ = {
			isa = PBXContainerItemProxy;
			containerPortal = DF1CACBF27E105380097212B /* Project object */;
			proxyType = 1;
			remoteGlobalIDString = DF1CACC627E105380097212B;
			remoteInfo = Calendar;
		};
		DF1CACE227E1053A0097212B /* PBXContainerItemProxy */ = {
			isa = PBXContainerItemProxy;
			containerPortal = DF1CACBF27E105380097212B /* Project object */;
			proxyType = 1;
			remoteGlobalIDString = DF1CACC627E105380097212B;
			remoteInfo = Calendar;
		};
/* End PBXContainerItemProxy section */

/* Begin PBXFileReference section */
		DF1CACC727E105380097212B /* Calendar.app */ = {isa = PBXFileReference; explicitFileType = wrapper.application; includeInIndex = 0; path = Calendar.app; sourceTree = BUILT_PRODUCTS_DIR; };
		DF1CACCA27E105380097212B /* CalendarApp.swift */ = {isa = PBXFileReference; lastKnownFileType = sourcecode.swift; path = CalendarApp.swift; sourceTree = "<group>"; };
		DF1CACCC27E105380097212B /* ContentView.swift */ = {isa = PBXFileReference; lastKnownFileType = sourcecode.swift; path = ContentView.swift; sourceTree = "<group>"; };
		DF1CACCE27E1053A0097212B /* Assets.xcassets */ = {isa = PBXFileReference; lastKnownFileType = folder.assetcatalog; path = Assets.xcassets; sourceTree = "<group>"; };
		DF1CACD127E1053A0097212B /* Preview Assets.xcassets */ = {isa = PBXFileReference; lastKnownFileType = folder.assetcatalog; path = "Preview Assets.xcassets"; sourceTree = "<group>"; };
		DF1CACD727E1053A0097212B /* CalendarTests.xctest */ = {isa = PBXFileReference; explicitFileType = wrapper.cfbundle; includeInIndex = 0; path = CalendarTests.xctest; sourceTree = BUILT_PRODUCTS_DIR; };
		DF1CACDB27E1053A0097212B /* CalendarTests.swift */ = {isa = PBXFileReference; lastKnownFileType = sourcecode.swift; path = CalendarTests.swift; sourceTree = "<group>"; };
		DF1CACE127E1053A0097212B /* CalendarUITests.xctest */ = {isa = PBXFileReference; explicitFileType = wrapper.cfbundle; includeInIndex = 0; path = CalendarUITests.xctest; sourceTree = BUILT_PRODUCTS_DIR; };
		DF1CACE527E1053A0097212B /* CalendarUITests.swift */ = {isa = PBXFileReference; lastKnownFileType = sourcecode.swift; path = CalendarUITests.swift; sourceTree = "<group>"; };
		DF1CACE727E1053A0097212B /* CalendarUITestsLaunchTests.swift */ = {isa = PBXFileReference; lastKnownFileType = sourcecode.swift; path = CalendarUITestsLaunchTests.swift; sourceTree = "<group>"; };
		DF1CACF527E10DA80097212B /* Home.swift */ = {isa = PBXFileReference; lastKnownFileType = sourcecode.swift; path = Home.swift; sourceTree = "<group>"; };
		DF1CACF727E10E880097212B /* CustomDatePicker.swift */ = {isa = PBXFileReference; lastKnownFileType = sourcecode.swift; path = CustomDatePicker.swift; sourceTree = "<group>"; };
		DF1CACFA27E114880097212B /* DateValue.swift */ = {isa = PBXFileReference; lastKnownFileType = sourcecode.swift; path = DateValue.swift; sourceTree = "<group>"; };
		DF2D3A7E27E1DDDC00F8A0DD /* MakeTask.swift */ = {isa = PBXFileReference; lastKnownFileType = sourcecode.swift; path = MakeTask.swift; sourceTree = "<group>"; };
		DF2D3A8127E219E500F8A0DD /* AddButton.swift */ = {isa = PBXFileReference; lastKnownFileType = sourcecode.swift; path = AddButton.swift; sourceTree = "<group>"; };
		DF45579727E19DD90098478C /* Task.swift */ = {isa = PBXFileReference; lastKnownFileType = sourcecode.swift; path = Task.swift; sourceTree = "<group>"; };
/* End PBXFileReference section */

/* Begin PBXFrameworksBuildPhase section */
		DF1CACC427E105380097212B /* Frameworks */ = {
			isa = PBXFrameworksBuildPhase;
			buildActionMask = 2147483647;
			files = (
			);
			runOnlyForDeploymentPostprocessing = 0;
		};
		DF1CACD427E1053A0097212B /* Frameworks */ = {
			isa = PBXFrameworksBuildPhase;
			buildActionMask = 2147483647;
			files = (
			);
			runOnlyForDeploymentPostprocessing = 0;
		};
		DF1CACDE27E1053A0097212B /* Frameworks */ = {
			isa = PBXFrameworksBuildPhase;
			buildActionMask = 2147483647;
			files = (
			);
			runOnlyForDeploymentPostprocessing = 0;
		};
/* End PBXFrameworksBuildPhase section */

/* Begin PBXGroup section */
		DF1CACBE27E105380097212B = {
			isa = PBXGroup;
			children = (
				DF1CACC927E105380097212B /* Calendar */,
				DF1CACDA27E1053A0097212B /* CalendarTests */,
				DF1CACE427E1053A0097212B /* CalendarUITests */,
				DF1CACC827E105380097212B /* Products */,
			);
			sourceTree = "<group>";
		};
		DF1CACC827E105380097212B /* Products */ = {
			isa = PBXGroup;
			children = (
				DF1CACC727E105380097212B /* Calendar.app */,
				DF1CACD727E1053A0097212B /* CalendarTests.xctest */,
				DF1CACE127E1053A0097212B /* CalendarUITests.xctest */,
			);
			name = Products;
			sourceTree = "<group>";
		};
		DF1CACC927E105380097212B /* Calendar */ = {
			isa = PBXGroup;
			children = (
				DF1CACF927E1146A0097212B /* Model */,
				DF1CACF427E10D8C0097212B /* View */,
				DF1CACCA27E105380097212B /* CalendarApp.swift */,
				DF1CACCC27E105380097212B /* ContentView.swift */,
				DF1CACCE27E1053A0097212B /* Assets.xcassets */,
				DF1CACD027E1053A0097212B /* Preview Content */,
			);
			path = Calendar;
			sourceTree = "<group>";
		};
		DF1CACD027E1053A0097212B /* Preview Content */ = {
			isa = PBXGroup;
			children = (
				DF1CACD127E1053A0097212B /* Preview Assets.xcassets */,
			);
			path = "Preview Content";
			sourceTree = "<group>";
		};
		DF1CACDA27E1053A0097212B /* CalendarTests */ = {
			isa = PBXGroup;
			children = (
				DF1CACDB27E1053A0097212B /* CalendarTests.swift */,
			);
			path = CalendarTests;
			sourceTree = "<group>";
		};
		DF1CACE427E1053A0097212B /* CalendarUITests */ = {
			isa = PBXGroup;
			children = (
				DF1CACE527E1053A0097212B /* CalendarUITests.swift */,
				DF1CACE727E1053A0097212B /* CalendarUITestsLaunchTests.swift */,
			);
			path = CalendarUITests;
			sourceTree = "<group>";
		};
		DF1CACF427E10D8C0097212B /* View */ = {
			isa = PBXGroup;
			children = (
				DF1CACF527E10DA80097212B /* Home.swift */,
				DF1CACF727E10E880097212B /* CustomDatePicker.swift */,
				DF2D3A7E27E1DDDC00F8A0DD /* MakeTask.swift */,
			);
			path = View;
			sourceTree = "<group>";
		};
		DF1CACF927E1146A0097212B /* Model */ = {
			isa = PBXGroup;
			children = (
				DF1CACFA27E114880097212B /* DateValue.swift */,
				DF45579727E19DD90098478C /* Task.swift */,
				DF2D3A8027E219CB00F8A0DD /* Component */,
			);
			path = Model;
			sourceTree = "<group>";
		};
		DF2D3A8027E219CB00F8A0DD /* Component */ = {
			isa = PBXGroup;
			children = (
				DF2D3A8127E219E500F8A0DD /* AddButton.swift */,
			);
			path = Component;
			sourceTree = "<group>";
		};
/* End PBXGroup section */

/* Begin PBXNativeTarget section */
		DF1CACC627E105380097212B /* Calendar */ = {
			isa = PBXNativeTarget;
			buildConfigurationList = DF1CACEB27E1053A0097212B /* Build configuration list for PBXNativeTarget "Calendar" */;
			buildPhases = (
				DF1CACC327E105380097212B /* Sources */,
				DF1CACC427E105380097212B /* Frameworks */,
				DF1CACC527E105380097212B /* Resources */,
			);
			buildRules = (
			);
			dependencies = (
			);
			name = Calendar;
			productName = Calendar;
			productReference = DF1CACC727E105380097212B /* Calendar.app */;
			productType = "com.apple.product-type.application";
		};
		DF1CACD627E1053A0097212B /* CalendarTests */ = {
			isa = PBXNativeTarget;
			buildConfigurationList = DF1CACEE27E1053A0097212B /* Build configuration list for PBXNativeTarget "CalendarTests" */;
			buildPhases = (
				DF1CACD327E1053A0097212B /* Sources */,
				DF1CACD427E1053A0097212B /* Frameworks */,
				DF1CACD527E1053A0097212B /* Resources */,
			);
			buildRules = (
			);
			dependencies = (
				DF1CACD927E1053A0097212B /* PBXTargetDependency */,
			);
			name = CalendarTests;
			productName = CalendarTests;
			productReference = DF1CACD727E1053A0097212B /* CalendarTests.xctest */;
			productType = "com.apple.product-type.bundle.unit-test";
		};
		DF1CACE027E1053A0097212B /* CalendarUITests */ = {
			isa = PBXNativeTarget;
			buildConfigurationList = DF1CACF127E1053A0097212B /* Build configuration list for PBXNativeTarget "CalendarUITests" */;
			buildPhases = (
				DF1CACDD27E1053A0097212B /* Sources */,
				DF1CACDE27E1053A0097212B /* Frameworks */,
				DF1CACDF27E1053A0097212B /* Resources */,
			);
			buildRules = (
			);
			dependencies = (
				DF1CACE327E1053A0097212B /* PBXTargetDependency */,
			);
			name = CalendarUITests;
			productName = CalendarUITests;
			productReference = DF1CACE127E1053A0097212B /* CalendarUITests.xctest */;
			productType = "com.apple.product-type.bundle.ui-testing";
		};
/* End PBXNativeTarget section */

/* Begin PBXProject section */
		DF1CACBF27E105380097212B /* Project object */ = {
			isa = PBXProject;
			attributes = {
				BuildIndependentTargetsInParallel = 1;
				LastSwiftUpdateCheck = 1320;
				LastUpgradeCheck = 1320;
				TargetAttributes = {
					DF1CACC627E105380097212B = {
						CreatedOnToolsVersion = 13.2.1;
					};
					DF1CACD627E1053A0097212B = {
						CreatedOnToolsVersion = 13.2.1;
						TestTargetID = DF1CACC627E105380097212B;
					};
					DF1CACE027E1053A0097212B = {
						CreatedOnToolsVersion = 13.2.1;
						TestTargetID = DF1CACC627E105380097212B;
					};
				};
			};
			buildConfigurationList = DF1CACC227E105380097212B /* Build configuration list for PBXProject "Calendar" */;
			compatibilityVersion = "Xcode 13.0";
			developmentRegion = en;
			hasScannedForEncodings = 0;
			knownRegions = (
				en,
				Base,
			);
			mainGroup = DF1CACBE27E105380097212B;
			productRefGroup = DF1CACC827E105380097212B /* Products */;
			projectDirPath = "";
			projectRoot = "";
			targets = (
				DF1CACC627E105380097212B /* Calendar */,
				DF1CACD627E1053A0097212B /* CalendarTests */,
				DF1CACE027E1053A0097212B /* CalendarUITests */,
			);
		};
/* End PBXProject section */

/* Begin PBXResourcesBuildPhase section */
		DF1CACC527E105380097212B /* Resources */ = {
			isa = PBXResourcesBuildPhase;
			buildActionMask = 2147483647;
			files = (
				DF1CACD227E1053A0097212B /* Preview Assets.xcassets in Resources */,
				DF1CACCF27E1053A0097212B /* Assets.xcassets in Resources */,
			);
			runOnlyForDeploymentPostprocessing = 0;
		};
		DF1CACD527E1053A0097212B /* Resources */ = {
			isa = PBXResourcesBuildPhase;
			buildActionMask = 2147483647;
			files = (
			);
			runOnlyForDeploymentPostprocessing = 0;
		};
		DF1CACDF27E1053A0097212B /* Resources */ = {
			isa = PBXResourcesBuildPhase;
			buildActionMask = 2147483647;
			files = (
			);
			runOnlyForDeploymentPostprocessing = 0;
		};
/* End PBXResourcesBuildPhase section */

/* Begin PBXSourcesBuildPhase section */
		DF1CACC327E105380097212B /* Sources */ = {
			isa = PBXSourcesBuildPhase;
			buildActionMask = 2147483647;
			files = (
				DF1CACF827E10E880097212B /* CustomDatePicker.swift in Sources */,
				DF1CACCD27E105380097212B /* ContentView.swift in Sources */,
				DF1CACF627E10DA80097212B /* Home.swift in Sources */,
				DF2D3A7F27E1DDDC00F8A0DD /* MakeTask.swift in Sources */,
				DF1CACCB27E105380097212B /* CalendarApp.swift in Sources */,
				DF45579827E19DD90098478C /* Task.swift in Sources */,
				DF1CACFB27E114880097212B /* DateValue.swift in Sources */,
				DF2D3A8227E219E500F8A0DD /* AddButton.swift in Sources */,
			);
			runOnlyForDeploymentPostprocessing = 0;
		};
		DF1CACD327E1053A0097212B /* Sources */ = {
			isa = PBXSourcesBuildPhase;
			buildActionMask = 2147483647;
			files = (
				DF1CACDC27E1053A0097212B /* CalendarTests.swift in Sources */,
			);
			runOnlyForDeploymentPostprocessing = 0;
		};
		DF1CACDD27E1053A0097212B /* Sources */ = {
			isa = PBXSourcesBuildPhase;
			buildActionMask = 2147483647;
			files = (
				DF1CACE827E1053A0097212B /* CalendarUITestsLaunchTests.swift in Sources */,
				DF1CACE627E1053A0097212B /* CalendarUITests.swift in Sources */,
			);
			runOnlyForDeploymentPostprocessing = 0;
		};
/* End PBXSourcesBuildPhase section */

/* Begin PBXTargetDependency section */
		DF1CACD927E1053A0097212B /* PBXTargetDependency */ = {
			isa = PBXTargetDependency;
			target = DF1CACC627E105380097212B /* Calendar */;
			targetProxy = DF1CACD827E1053A0097212B /* PBXContainerItemProxy */;
		};
		DF1CACE327E1053A0097212B /* PBXTargetDependency */ = {
			isa = PBXTargetDependency;
			target = DF1CACC627E105380097212B /* Calendar */;
			targetProxy = DF1CACE227E1053A0097212B /* PBXContainerItemProxy */;
		};
/* End PBXTargetDependency section */

/* Begin XCBuildConfiguration section */
		DF1CACE927E1053A0097212B /* Debug */ = {
			isa = XCBuildConfiguration;
			buildSettings = {
				ALWAYS_SEARCH_USER_PATHS = NO;
				CLANG_ANALYZER_NONNULL = YES;
				CLANG_ANALYZER_NUMBER_OBJECT_CONVERSION = YES_AGGRESSIVE;
				CLANG_CXX_LANGUAGE_STANDARD = "gnu++17";
				CLANG_CXX_LIBRARY = "libc++";
				CLANG_ENABLE_MODULES = YES;
				CLANG_ENABLE_OBJC_ARC = YES;
				CLANG_ENABLE_OBJC_WEAK = YES;
				CLANG_WARN_BLOCK_CAPTURE_AUTORELEASING = YES;
				CLANG_WARN_BOOL_CONVERSION = YES;
				CLANG_WARN_COMMA = YES;
				CLANG_WARN_CONSTANT_CONVERSION = YES;
				CLANG_WARN_DEPRECATED_OBJC_IMPLEMENTATIONS = YES;
				CLANG_WARN_DIRECT_OBJC_ISA_USAGE = YES_ERROR;
				CLANG_WARN_DOCUMENTATION_COMMENTS = YES;
				CLANG_WARN_EMPTY_BODY = YES;
				CLANG_WARN_ENUM_CONVERSION = YES;
				CLANG_WARN_INFINITE_RECURSION = YES;
				CLANG_WARN_INT_CONVERSION = YES;
				CLANG_WARN_NON_LITERAL_NULL_CONVERSION = YES;
				CLANG_WARN_OBJC_IMPLICIT_RETAIN_SELF = YES;
				CLANG_WARN_OBJC_LITERAL_CONVERSION = YES;
				CLANG_WARN_OBJC_ROOT_CLASS = YES_ERROR;
				CLANG_WARN_QUOTED_INCLUDE_IN_FRAMEWORK_HEADER = YES;
				CLANG_WARN_RANGE_LOOP_ANALYSIS = YES;
				CLANG_WARN_STRICT_PROTOTYPES = YES;
				CLANG_WARN_SUSPICIOUS_MOVE = YES;
				CLANG_WARN_UNGUARDED_AVAILABILITY = YES_AGGRESSIVE;
				CLANG_WARN_UNREACHABLE_CODE = YES;
				CLANG_WARN__DUPLICATE_METHOD_MATCH = YES;
				COPY_PHASE_STRIP = NO;
				DEBUG_INFORMATION_FORMAT = dwarf;
				ENABLE_STRICT_OBJC_MSGSEND = YES;
				ENABLE_TESTABILITY = YES;
				GCC_C_LANGUAGE_STANDARD = gnu11;
				GCC_DYNAMIC_NO_PIC = NO;
				GCC_NO_COMMON_BLOCKS = YES;
				GCC_OPTIMIZATION_LEVEL = 0;
				GCC_PREPROCESSOR_DEFINITIONS = (
					"DEBUG=1",
					"$(inherited)",
				);
				GCC_WARN_64_TO_32_BIT_CONVERSION = YES;
				GCC_WARN_ABOUT_RETURN_TYPE = YES_ERROR;
				GCC_WARN_UNDECLARED_SELECTOR = YES;
				GCC_WARN_UNINITIALIZED_AUTOS = YES_AGGRESSIVE;
				GCC_WARN_UNUSED_FUNCTION = YES;
				GCC_WARN_UNUSED_VARIABLE = YES;
				IPHONEOS_DEPLOYMENT_TARGET = 15.2;
				MTL_ENABLE_DEBUG_INFO = INCLUDE_SOURCE;
				MTL_FAST_MATH = YES;
				ONLY_ACTIVE_ARCH = YES;
				SDKROOT = iphoneos;
				SWIFT_ACTIVE_COMPILATION_CONDITIONS = DEBUG;
				SWIFT_OPTIMIZATION_LEVEL = "-Onone";
			};
			name = Debug;
		};
		DF1CACEA27E1053A0097212B /* Release */ = {
			isa = XCBuildConfiguration;
			buildSettings = {
				ALWAYS_SEARCH_USER_PATHS = NO;
				CLANG_ANALYZER_NONNULL = YES;
				CLANG_ANALYZER_NUMBER_OBJECT_CONVERSION = YES_AGGRESSIVE;
				CLANG_CXX_LANGUAGE_STANDARD = "gnu++17";
				CLANG_CXX_LIBRARY = "libc++";
				CLANG_ENABLE_MODULES = YES;
				CLANG_ENABLE_OBJC_ARC = YES;
				CLANG_ENABLE_OBJC_WEAK = YES;
				CLANG_WARN_BLOCK_CAPTURE_AUTORELEASING = YES;
				CLANG_WARN_BOOL_CONVERSION = YES;
				CLANG_WARN_COMMA = YES;
				CLANG_WARN_CONSTANT_CONVERSION = YES;
				CLANG_WARN_DEPRECATED_OBJC_IMPLEMENTATIONS = YES;
				CLANG_WARN_DIRECT_OBJC_ISA_USAGE = YES_ERROR;
				CLANG_WARN_DOCUMENTATION_COMMENTS = YES;
				CLANG_WARN_EMPTY_BODY = YES;
				CLANG_WARN_ENUM_CONVERSION = YES;
				CLANG_WARN_INFINITE_RECURSION = YES;
				CLANG_WARN_INT_CONVERSION = YES;
				CLANG_WARN_NON_LITERAL_NULL_CONVERSION = YES;
				CLANG_WARN_OBJC_IMPLICIT_RETAIN_SELF = YES;
				CLANG_WARN_OBJC_LITERAL_CONVERSION = YES;
				CLANG_WARN_OBJC_ROOT_CLASS = YES_ERROR;
				CLANG_WARN_QUOTED_INCLUDE_IN_FRAMEWORK_HEADER = YES;
				CLANG_WARN_RANGE_LOOP_ANALYSIS = YES;
				CLANG_WARN_STRICT_PROTOTYPES = YES;
				CLANG_WARN_SUSPICIOUS_MOVE = YES;
				CLANG_WARN_UNGUARDED_AVAILABILITY = YES_AGGRESSIVE;
				CLANG_WARN_UNREACHABLE_CODE = YES;
				CLANG_WARN__DUPLICATE_METHOD_MATCH = YES;
				COPY_PHASE_STRIP = NO;
				DEBUG_INFORMATION_FORMAT = "dwarf-with-dsym";
				ENABLE_NS_ASSERTIONS = NO;
				ENABLE_STRICT_OBJC_MSGSEND = YES;
				GCC_C_LANGUAGE_STANDARD = gnu11;
				GCC_NO_COMMON_BLOCKS = YES;
				GCC_WARN_64_TO_32_BIT_CONVERSION = YES;
				GCC_WARN_ABOUT_RETURN_TYPE = YES_ERROR;
				GCC_WARN_UNDECLARED_SELECTOR = YES;
				GCC_WARN_UNINITIALIZED_AUTOS = YES_AGGRESSIVE;
				GCC_WARN_UNUSED_FUNCTION = YES;
				GCC_WARN_UNUSED_VARIABLE = YES;
				IPHONEOS_DEPLOYMENT_TARGET = 15.2;
				MTL_ENABLE_DEBUG_INFO = NO;
				MTL_FAST_MATH = YES;
				SDKROOT = iphoneos;
				SWIFT_COMPILATION_MODE = wholemodule;
				SWIFT_OPTIMIZATION_LEVEL = "-O";
				VALIDATE_PRODUCT = YES;
			};
			name = Release;
		};
		DF1CACEC27E1053A0097212B /* Debug */ = {
			isa = XCBuildConfiguration;
			buildSettings = {
				ASSETCATALOG_COMPILER_APPICON_NAME = AppIcon;
				ASSETCATALOG_COMPILER_GLOBAL_ACCENT_COLOR_NAME = AccentColor;
				CODE_SIGN_STYLE = Automatic;
				CURRENT_PROJECT_VERSION = 1;
				DEVELOPMENT_ASSET_PATHS = "\"Calendar/Preview Content\"";
				DEVELOPMENT_TEAM = "";
				ENABLE_PREVIEWS = YES;
				GENERATE_INFOPLIST_FILE = YES;
				INFOPLIST_KEY_NSCalendarsUsageDescription = "We’d like to access your calendar to add relevant events";
				INFOPLIST_KEY_UIApplicationSceneManifest_Generation = YES;
				INFOPLIST_KEY_UIApplicationSupportsIndirectInputEvents = YES;
				INFOPLIST_KEY_UILaunchScreen_Generation = YES;
				INFOPLIST_KEY_UISupportedInterfaceOrientations_iPad = "UIInterfaceOrientationPortrait UIInterfaceOrientationPortraitUpsideDown UIInterfaceOrientationLandscapeLeft UIInterfaceOrientationLandscapeRight";
				INFOPLIST_KEY_UISupportedInterfaceOrientations_iPhone = "UIInterfaceOrientationPortrait UIInterfaceOrientationLandscapeLeft UIInterfaceOrientationLandscapeRight";
				LD_RUNPATH_SEARCH_PATHS = (
					"$(inherited)",
					"@executable_path/Frameworks",
				);
				MARKETING_VERSION = 1.0;
				PRODUCT_BUNDLE_IDENTIFIER = otrop.Calendar;
				PRODUCT_NAME = "$(TARGET_NAME)";
				SWIFT_EMIT_LOC_STRINGS = YES;
				SWIFT_VERSION = 5.0;
				TARGETED_DEVICE_FAMILY = "1,2";
			};
			name = Debug;
		};
		DF1CACED27E1053A0097212B /* Release */ = {
			isa = XCBuildConfiguration;
			buildSettings = {
				ASSETCATALOG_COMPILER_APPICON_NAME = AppIcon;
				ASSETCATALOG_COMPILER_GLOBAL_ACCENT_COLOR_NAME = AccentColor;
				CODE_SIGN_STYLE = Automatic;
				CURRENT_PROJECT_VERSION = 1;
				DEVELOPMENT_ASSET_PATHS = "\"Calendar/Preview Content\"";
				DEVELOPMENT_TEAM = "";
				ENABLE_PREVIEWS = YES;
				GENERATE_INFOPLIST_FILE = YES;
				INFOPLIST_KEY_NSCalendarsUsageDescription = "We’d like to access your calendar to add relevant events";
				INFOPLIST_KEY_UIApplicationSceneManifest_Generation = YES;
				INFOPLIST_KEY_UIApplicationSupportsIndirectInputEvents = YES;
				INFOPLIST_KEY_UILaunchScreen_Generation = YES;
				INFOPLIST_KEY_UISupportedInterfaceOrientations_iPad = "UIInterfaceOrientationPortrait UIInterfaceOrientationPortraitUpsideDown UIInterfaceOrientationLandscapeLeft UIInterfaceOrientationLandscapeRight";
				INFOPLIST_KEY_UISupportedInterfaceOrientations_iPhone = "UIInterfaceOrientationPortrait UIInterfaceOrientationLandscapeLeft UIInterfaceOrientationLandscapeRight";
				LD_RUNPATH_SEARCH_PATHS = (
					"$(inherited)",
					"@executable_path/Frameworks",
				);
				MARKETING_VERSION = 1.0;
				PRODUCT_BUNDLE_IDENTIFIER = otrop.Calendar;
				PRODUCT_NAME = "$(TARGET_NAME)";
				SWIFT_EMIT_LOC_STRINGS = YES;
				SWIFT_VERSION = 5.0;
				TARGETED_DEVICE_FAMILY = "1,2";
			};
			name = Release;
		};
		DF1CACEF27E1053A0097212B /* Debug */ = {
			isa = XCBuildConfiguration;
			buildSettings = {
				ALWAYS_EMBED_SWIFT_STANDARD_LIBRARIES = YES;
				BUNDLE_LOADER = "$(TEST_HOST)";
				CODE_SIGN_STYLE = Automatic;
				CURRENT_PROJECT_VERSION = 1;
				GENERATE_INFOPLIST_FILE = YES;
				IPHONEOS_DEPLOYMENT_TARGET = 15.2;
				MARKETING_VERSION = 1.0;
				PRODUCT_BUNDLE_IDENTIFIER = otrop.CalendarTests;
				PRODUCT_NAME = "$(TARGET_NAME)";
				SWIFT_EMIT_LOC_STRINGS = NO;
				SWIFT_VERSION = 5.0;
				TARGETED_DEVICE_FAMILY = "1,2";
				TEST_HOST = "$(BUILT_PRODUCTS_DIR)/Calendar.app/Calendar";
			};
			name = Debug;
		};
		DF1CACF027E1053A0097212B /* Release */ = {
			isa = XCBuildConfiguration;
			buildSettings = {
				ALWAYS_EMBED_SWIFT_STANDARD_LIBRARIES = YES;
				BUNDLE_LOADER = "$(TEST_HOST)";
				CODE_SIGN_STYLE = Automatic;
				CURRENT_PROJECT_VERSION = 1;
				GENERATE_INFOPLIST_FILE = YES;
				IPHONEOS_DEPLOYMENT_TARGET = 15.2;
				MARKETING_VERSION = 1.0;
				PRODUCT_BUNDLE_IDENTIFIER = otrop.CalendarTests;
				PRODUCT_NAME = "$(TARGET_NAME)";
				SWIFT_EMIT_LOC_STRINGS = NO;
				SWIFT_VERSION = 5.0;
				TARGETED_DEVICE_FAMILY = "1,2";
				TEST_HOST = "$(BUILT_PRODUCTS_DIR)/Calendar.app/Calendar";
			};
			name = Release;
		};
		DF1CACF227E1053A0097212B /* Debug */ = {
			isa = XCBuildConfiguration;
			buildSettings = {
				ALWAYS_EMBED_SWIFT_STANDARD_LIBRARIES = YES;
				CODE_SIGN_STYLE = Automatic;
				CURRENT_PROJECT_VERSION = 1;
				GENERATE_INFOPLIST_FILE = YES;
				MARKETING_VERSION = 1.0;
				PRODUCT_BUNDLE_IDENTIFIER = otrop.CalendarUITests;
				PRODUCT_NAME = "$(TARGET_NAME)";
				SWIFT_EMIT_LOC_STRINGS = NO;
				SWIFT_VERSION = 5.0;
				TARGETED_DEVICE_FAMILY = "1,2";
				TEST_TARGET_NAME = Calendar;
			};
			name = Debug;
		};
		DF1CACF327E1053A0097212B /* Release */ = {
			isa = XCBuildConfiguration;
			buildSettings = {
				ALWAYS_EMBED_SWIFT_STANDARD_LIBRARIES = YES;
				CODE_SIGN_STYLE = Automatic;
				CURRENT_PROJECT_VERSION = 1;
				GENERATE_INFOPLIST_FILE = YES;
				MARKETING_VERSION = 1.0;
				PRODUCT_BUNDLE_IDENTIFIER = otrop.CalendarUITests;
				PRODUCT_NAME = "$(TARGET_NAME)";
				SWIFT_EMIT_LOC_STRINGS = NO;
				SWIFT_VERSION = 5.0;
				TARGETED_DEVICE_FAMILY = "1,2";
				TEST_TARGET_NAME = Calendar;
			};
			name = Release;
		};
/* End XCBuildConfiguration section */

/* Begin XCConfigurationList section */
		DF1CACC227E105380097212B /* Build configuration list for PBXProject "Calendar" */ = {
			isa = XCConfigurationList;
			buildConfigurations = (
				DF1CACE927E1053A0097212B /* Debug */,
				DF1CACEA27E1053A0097212B /* Release */,
			);
			defaultConfigurationIsVisible = 0;
			defaultConfigurationName = Release;
		};
		DF1CACEB27E1053A0097212B /* Build configuration list for PBXNativeTarget "Calendar" */ = {
			isa = XCConfigurationList;
			buildConfigurations = (
				DF1CACEC27E1053A0097212B /* Debug */,
				DF1CACED27E1053A0097212B /* Release */,
			);
			defaultConfigurationIsVisible = 0;
			defaultConfigurationName = Release;
		};
		DF1CACEE27E1053A0097212B /* Build configuration list for PBXNativeTarget "CalendarTests" */ = {
			isa = XCConfigurationList;
			buildConfigurations = (
				DF1CACEF27E1053A0097212B /* Debug */,
				DF1CACF027E1053A0097212B /* Release */,
			);
			defaultConfigurationIsVisible = 0;
			defaultConfigurationName = Release;
		};
		DF1CACF127E1053A0097212B /* Build configuration list for PBXNativeTarget "CalendarUITests" */ = {
			isa = XCConfigurationList;
			buildConfigurations = (
				DF1CACF227E1053A0097212B /* Debug */,
				DF1CACF327E1053A0097212B /* Release */,
			);
			defaultConfigurationIsVisible = 0;
			defaultConfigurationName = Release;
		};
/* End XCConfigurationList section */
	};
	rootObject = DF1CACBF27E105380097212B /* Project object */;
}
